
Microsoft Visual Studio Solution File, Format Version 12.00
# Visual Studio Version 17
VisualStudioVersion = 17.4.33403.182
MinimumVisualStudioVersion = 10.0.40219.1
Project("{FAE04EC0-301F-11D3-BF4B-00C04F79EFBC}") = "DIApplication", "DIApplication\DIApplication.csproj", "{6900B7C7-DFA4-468B-B193-06DF6BB426D3}"
EndProject
Project("{FAE04EC0-301F-11D3-BF4B-00C04F79EFBC}") = "Services", "Services\Services.csproj", "{53F68BB0-74B3-43AE-A6B8-F1741FF5247C}"
EndProject
Project("{FAE04EC0-301F-11D3-BF4B-00C04F79EFBC}") = "ServiceContract", "ServiceContract\ServiceContract.csproj", "{083D13EC-AE7F-43CD-AC99-D7F34C77F535}"
EndProject
Global
	GlobalSection(SolutionConfigurationPlatforms) = preSolution
		Debug|Any CPU = Debug|Any CPU
		Release|Any CPU = Release|Any CPU
	EndGlobalSection
	GlobalSection(ProjectConfigurationPlatforms) = postSolution
		{6900B7C7-DFA4-468B-B193-06DF6BB426D3}.Debug|Any CPU.ActiveCfg = Debug|Any CPU
		{6900B7C7-DFA4-468B-B193-06DF6BB426D3}.Debug|Any CPU.Build.0 = Debug|Any CPU
		{6900B7C7-DFA4-468B-B193-06DF6BB426D3}.Release|Any CPU.ActiveCfg = Release|Any CPU
		{6900B7C7-DFA4-468B-B193-06DF6BB426D3}.Release|Any CPU.Build.0 = Release|Any CPU
		{53F68BB0-74B3-43AE-A6B8-F1741FF5247C}.Debug|Any CPU.ActiveCfg = Debug|Any CPU
		{53F68BB0-74B3-43AE-A6B8-F1741FF5247C}.Debug|Any CPU.Build.0 = Debug|Any CPU
		{53F68BB0-74B3-43AE-A6B8-F1741FF5247C}.Release|Any CPU.ActiveCfg = Release|Any CPU
		{53F68BB0-74B3-43AE-A6B8-F1741FF5247C}.Release|Any CPU.Build.0 = Release|Any CPU
		{083D13EC-AE7F-43CD-AC99-D7F34C77F535}.Debug|Any CPU.ActiveCfg = Debug|Any CPU
		{083D13EC-AE7F-43CD-AC99-D7F34C77F535}.Debug|Any CPU.Build.0 = Debug|Any CPU
		{083D13EC-AE7F-43CD-AC99-D7F34C77F535}.Release|Any CPU.ActiveCfg = Release|Any CPU
		{083D13EC-AE7F-43CD-AC99-D7F34C77F535}.Release|Any CPU.Build.0 = Release|Any CPU
	EndGlobalSection
	GlobalSection(SolutionProperties) = preSolution
		HideSolutionNode = FALSE
	EndGlobalSection
	GlobalSection(ExtensibilityGlobals) = postSolution
		SolutionGuid = {6058EEA9-2905-44F9-B60C-2B28B3C06726}
	EndGlobalSection
EndGlobal
